
Microsoft Visual Studio Solution File, Format Version 12.00
# Visual Studio Version 17
VisualStudioVersion = 17.1.32407.343
MinimumVisualStudioVersion = 10.0.40219.1
Project("{FAE04EC0-301F-11D3-BF4B-00C04F79EFBC}") = "MechUtils", "MechUtils\MechUtils.csproj", "{AAF5DA2C-0FB7-461E-83D1-D840AF12BBDE}"
EndProject
Global
	GlobalSection(SolutionConfigurationPlatforms) = preSolution
		Debug|Any CPU = Debug|Any CPU
		Release|Any CPU = Release|Any CPU
	EndGlobalSection
	GlobalSection(ProjectConfigurationPlatforms) = postSolution
		{AAF5DA2C-0FB7-461E-83D1-D840AF12BBDE}.Debug|Any CPU.ActiveCfg = Debug|Any CPU
		{AAF5DA2C-0FB7-461E-83D1-D840AF12BBDE}.Debug|Any CPU.Build.0 = Debug|Any CPU
		{AAF5DA2C-0FB7-461E-83D1-D840AF12BBDE}.Release|Any CPU.ActiveCfg = Release|Any CPU
		{AAF5DA2C-0FB7-461E-83D1-D840AF12BBDE}.Release|Any CPU.Build.0 = Release|Any CPU
	EndGlobalSection
	GlobalSection(SolutionProperties) = preSolution
		HideSolutionNode = FALSE
	EndGlobalSection
	GlobalSection(ExtensibilityGlobals) = postSolution
		SolutionGuid = {7EFE0CA4-0EE1-4AE1-84CB-ABECAAB99DE0}
	EndGlobalSection
EndGlobal
